<Solution>
  <Project Path="ClassLibraryBus/ClassLibraryBus.csproj" Id="73a24c7c-5cfe-4378-98c9-c307dbb2b689" />
  <Project Path="ClassLibraryDao/ClassLibraryDao.csproj" Id="266014ff-4fe3-42a8-8aa9-6a79ba7eabb6" />
  <Project Path="ClassLibraryMd/ClassLibraryMd.csproj" Id="6b9a3305-cd83-40e7-9c17-98018de5b266" />
  <Project Path="ConsoleAppTreinamento/ConsoleAppTreinamento.csproj" Id="6f267418-b150-47f8-8ad2-5896bf6b1295" />
  <Project Path="WebApplicationAPITreinamento/WebApplicationAPITreinamento.csproj" Id="a53697be-290d-4062-9b49-8c919595383c" />
  <Project Path="WebApplicationMVCTreinamento/WebApplicationMVCTreinamento.csproj" Id="de021a21-e4f8-407a-bed1-e046a2965ff7" />
  <Project Path="WebApplicationTreinamento/WebApplicationTreinamento.csproj" Id="15a484f3-5ee2-4828-b16d-af57ca8e383d" />
  <Project Path="WindowsFormsAppTreinamento/WindowsFormsAppTreinamento.csproj" Id="a3fc32f4-a247-4b2b-97ca-0b482ba1bb93" />
  <Project Path="WindowsServiceTreinamento/WindowsServiceTreinamento.csproj" Id="dc5f5810-93de-4b9c-be06-38a27a20f31d" />
  <Project Path="WpfAppTreinamento/WpfAppTreinamento.csproj" Id="e7a4ae31-44bc-42b6-8b8f-fc5923a87806" />
</Solution>
